
Microsoft Visual Studio Solution File, Format Version 12.00
# Visual Studio 14
VisualStudioVersion = 14.0.25420.1
MinimumVisualStudioVersion = 10.0.40219.1
Project("{FAE04EC0-301F-11D3-BF4B-00C04F79EFBC}") = "GLProjectsTracker", "GLProjectsTracker\GLProjectsTracker.csproj", "{583D3D63-BFAD-40EA-BBEB-B8BFC57C2CBF}"
EndProject
Project("{FAE04EC0-301F-11D3-BF4B-00C04F79EFBC}") = "BusinessLogicLayer", "BusinessLogicLayer\BusinessLogicLayer.csproj", "{886FFA43-DC35-4A9A-A5CD-CBCE13CB9FE8}"
EndProject
Project("{FAE04EC0-301F-11D3-BF4B-00C04F79EFBC}") = "DataAccessLayer", "DataAccessLayer\DataAccessLayer.csproj", "{10038239-08D7-4B6F-8275-EB2616CE960F}"
EndProject
Project("{FAE04EC0-301F-11D3-BF4B-00C04F79EFBC}") = "DataModelLayer", "DataModelLayer\DataModelLayer.csproj", "{D240C077-77E7-49A5-B44E-CC85E543EE84}"
EndProject
Global
	GlobalSection(SolutionConfigurationPlatforms) = preSolution
		Debug|Any CPU = Debug|Any CPU
		Release|Any CPU = Release|Any CPU
	EndGlobalSection
	GlobalSection(ProjectConfigurationPlatforms) = postSolution
		{583D3D63-BFAD-40EA-BBEB-B8BFC57C2CBF}.Debug|Any CPU.ActiveCfg = Debug|Any CPU
		{583D3D63-BFAD-40EA-BBEB-B8BFC57C2CBF}.Debug|Any CPU.Build.0 = Debug|Any CPU
		{583D3D63-BFAD-40EA-BBEB-B8BFC57C2CBF}.Release|Any CPU.ActiveCfg = Release|Any CPU
		{583D3D63-BFAD-40EA-BBEB-B8BFC57C2CBF}.Release|Any CPU.Build.0 = Release|Any CPU
		{886FFA43-DC35-4A9A-A5CD-CBCE13CB9FE8}.Debug|Any CPU.ActiveCfg = Debug|Any CPU
		{886FFA43-DC35-4A9A-A5CD-CBCE13CB9FE8}.Debug|Any CPU.Build.0 = Debug|Any CPU
		{886FFA43-DC35-4A9A-A5CD-CBCE13CB9FE8}.Release|Any CPU.ActiveCfg = Release|Any CPU
		{886FFA43-DC35-4A9A-A5CD-CBCE13CB9FE8}.Release|Any CPU.Build.0 = Release|Any CPU
		{10038239-08D7-4B6F-8275-EB2616CE960F}.Debug|Any CPU.ActiveCfg = Debug|Any CPU
		{10038239-08D7-4B6F-8275-EB2616CE960F}.Debug|Any CPU.Build.0 = Debug|Any CPU
		{10038239-08D7-4B6F-8275-EB2616CE960F}.Release|Any CPU.ActiveCfg = Release|Any CPU
		{10038239-08D7-4B6F-8275-EB2616CE960F}.Release|Any CPU.Build.0 = Release|Any CPU
		{D240C077-77E7-49A5-B44E-CC85E543EE84}.Debug|Any CPU.ActiveCfg = Debug|Any CPU
		{D240C077-77E7-49A5-B44E-CC85E543EE84}.Debug|Any CPU.Build.0 = Debug|Any CPU
		{D240C077-77E7-49A5-B44E-CC85E543EE84}.Release|Any CPU.ActiveCfg = Release|Any CPU
		{D240C077-77E7-49A5-B44E-CC85E543EE84}.Release|Any CPU.Build.0 = Release|Any CPU
	EndGlobalSection
	GlobalSection(SolutionProperties) = preSolution
		HideSolutionNode = FALSE
	EndGlobalSection
EndGlobal
